
Microsoft Visual Studio Solution File, Format Version 12.00
# Visual Studio Version 17
VisualStudioVersion = 17.7.34031.279
MinimumVisualStudioVersion = 10.0.40219.1
Project("{FAE04EC0-301F-11D3-BF4B-00C04F79EFBC}") = "XF_FoodApp.Android", "XF_FoodApp\XF_FoodApp.Android\XF_FoodApp.Android.csproj", "{9B821775-9350-4BFB-8389-E9A7638BE5CA}"
EndProject
Project("{FAE04EC0-301F-11D3-BF4B-00C04F79EFBC}") = "XF_FoodApp.iOS", "XF_FoodApp\XF_FoodApp.iOS\XF_FoodApp.iOS.csproj", "{B2D326CE-9AE2-40E3-B891-1281385B3CD7}"
EndProject
Project("{9A19103F-16F7-4668-BE54-9A1E7A4F7556}") = "XF_FoodApp", "XF_FoodApp\XF_FoodApp\XF_FoodApp.csproj", "{E1FCE674-2E21-453D-9542-8E2695DCC52F}"
EndProject
Project("{FAE04EC0-301F-11D3-BF4B-00C04F79EFBC}") = "XF_FoodApp.UWP", "XF_FoodApp.UWP\XF_FoodApp.UWP.csproj", "{56569968-CC2E-4583-96D1-F6EEAC603CE0}"
EndProject
Global
	GlobalSection(SolutionConfigurationPlatforms) = preSolution
		Debug|Any CPU = Debug|Any CPU
		Debug|ARM = Debug|ARM
		Debug|ARM64 = Debug|ARM64
		Debug|iPhone = Debug|iPhone
		Debug|iPhoneSimulator = Debug|iPhoneSimulator
		Debug|x64 = Debug|x64
		Debug|x86 = Debug|x86
		Release|Any CPU = Release|Any CPU
		Release|ARM = Release|ARM
		Release|ARM64 = Release|ARM64
		Release|iPhone = Release|iPhone
		Release|iPhoneSimulator = Release|iPhoneSimulator
		Release|x64 = Release|x64
		Release|x86 = Release|x86
	EndGlobalSection
	GlobalSection(ProjectConfigurationPlatforms) = postSolution
		{9B821775-9350-4BFB-8389-E9A7638BE5CA}.Debug|Any CPU.ActiveCfg = Debug|Any CPU
		{9B821775-9350-4BFB-8389-E9A7638BE5CA}.Debug|Any CPU.Build.0 = Debug|Any CPU
		{9B821775-9350-4BFB-8389-E9A7638BE5CA}.Debug|Any CPU.Deploy.0 = Debug|Any CPU
		{9B821775-9350-4BFB-8389-E9A7638BE5CA}.Debug|ARM.ActiveCfg = Debug|Any CPU
		{9B821775-9350-4BFB-8389-E9A7638BE5CA}.Debug|ARM.Build.0 = Debug|Any CPU
		{9B821775-9350-4BFB-8389-E9A7638BE5CA}.Debug|ARM.Deploy.0 = Debug|Any CPU
		{9B821775-9350-4BFB-8389-E9A7638BE5CA}.Debug|ARM64.ActiveCfg = Debug|Any CPU
		{9B821775-9350-4BFB-8389-E9A7638BE5CA}.Debug|ARM64.Build.0 = Debug|Any CPU
		{9B821775-9350-4BFB-8389-E9A7638BE5CA}.Debug|ARM64.Deploy.0 = Debug|Any CPU
		{9B821775-9350-4BFB-8389-E9A7638BE5CA}.Debug|iPhone.ActiveCfg = Debug|Any CPU
		{9B821775-9350-4BFB-8389-E9A7638BE5CA}.Debug|iPhone.Build.0 = Debug|Any CPU
		{9B821775-9350-4BFB-8389-E9A7638BE5CA}.Debug|iPhone.Deploy.0 = Debug|Any CPU
		{9B821775-9350-4BFB-8389-E9A7638BE5CA}.Debug|iPhoneSimulator.ActiveCfg = Debug|Any CPU
		{9B821775-9350-4BFB-8389-E9A7638BE5CA}.Debug|iPhoneSimulator.Build.0 = Debug|Any CPU
		{9B821775-9350-4BFB-8389-E9A7638BE5CA}.Debug|iPhoneSimulator.Deploy.0 = Debug|Any CPU
		{9B821775-9350-4BFB-8389-E9A7638BE5CA}.Debug|x64.ActiveCfg = Debug|Any CPU
		{9B821775-9350-4BFB-8389-E9A7638BE5CA}.Debug|x64.Build.0 = Debug|Any CPU
		{9B821775-9350-4BFB-8389-E9A7638BE5CA}.Debug|x64.Deploy.0 = Debug|Any CPU
		{9B821775-9350-4BFB-8389-E9A7638BE5CA}.Debug|x86.ActiveCfg = Debug|Any CPU
		{9B821775-9350-4BFB-8389-E9A7638BE5CA}.Debug|x86.Build.0 = Debug|Any CPU
		{9B821775-9350-4BFB-8389-E9A7638BE5CA}.Debug|x86.Deploy.0 = Debug|Any CPU
		{9B821775-9350-4BFB-8389-E9A7638BE5CA}.Release|Any CPU.ActiveCfg = Release|Any CPU
		{9B821775-9350-4BFB-8389-E9A7638BE5CA}.Release|Any CPU.Build.0 = Release|Any CPU
		{9B821775-9350-4BFB-8389-E9A7638BE5CA}.Release|Any CPU.Deploy.0 = Release|Any CPU
		{9B821775-9350-4BFB-8389-E9A7638BE5CA}.Release|ARM.ActiveCfg = Release|Any CPU
		{9B821775-9350-4BFB-8389-E9A7638BE5CA}.Release|ARM.Build.0 = Release|Any CPU
		{9B821775-9350-4BFB-8389-E9A7638BE5CA}.Release|ARM.Deploy.0 = Release|Any CPU
		{9B821775-9350-4BFB-8389-E9A7638BE5CA}.Release|ARM64.ActiveCfg = Release|Any CPU
		{9B821775-9350-4BFB-8389-E9A7638BE5CA}.Release|ARM64.Build.0 = Release|Any CPU
		{9B821775-9350-4BFB-8389-E9A7638BE5CA}.Release|ARM64.Deploy.0 = Release|Any CPU
		{9B821775-9350-4BFB-8389-E9A7638BE5CA}.Release|iPhone.ActiveCfg = Release|Any CPU
		{9B821775-9350-4BFB-8389-E9A7638BE5CA}.Release|iPhone.Build.0 = Release|Any CPU
		{9B821775-9350-4BFB-8389-E9A7638BE5CA}.Release|iPhone.Deploy.0 = Release|Any CPU
		{9B821775-9350-4BFB-8389-E9A7638BE5CA}.Release|iPhoneSimulator.ActiveCfg = Release|Any CPU
		{9B821775-9350-4BFB-8389-E9A7638BE5CA}.Release|iPhoneSimulator.Build.0 = Release|Any CPU
		{9B821775-9350-4BFB-8389-E9A7638BE5CA}.Release|iPhoneSimulator.Deploy.0 = Release|Any CPU
		{9B821775-9350-4BFB-8389-E9A7638BE5CA}.Release|x64.ActiveCfg = Release|Any CPU
		{9B821775-9350-4BFB-8389-E9A7638BE5CA}.Release|x64.Build.0 = Release|Any CPU
		{9B821775-9350-4BFB-8389-E9A7638BE5CA}.Release|x64.Deploy.0 = Release|Any CPU
		{9B821775-9350-4BFB-8389-E9A7638BE5CA}.Release|x86.ActiveCfg = Release|Any CPU
		{9B821775-9350-4BFB-8389-E9A7638BE5CA}.Release|x86.Build.0 = Release|Any CPU
		{9B821775-9350-4BFB-8389-E9A7638BE5CA}.Release|x86.Deploy.0 = Release|Any CPU
		{B2D326CE-9AE2-40E3-B891-1281385B3CD7}.Debug|Any CPU.ActiveCfg = Debug|iPhoneSimulator
		{B2D326CE-9AE2-40E3-B891-1281385B3CD7}.Debug|Any CPU.Deploy.0 = Debug|iPhoneSimulator
		{B2D326CE-9AE2-40E3-B891-1281385B3CD7}.Debug|ARM.ActiveCfg = Debug|iPhone
		{B2D326CE-9AE2-40E3-B891-1281385B3CD7}.Debug|ARM64.ActiveCfg = Debug|iPhone
		{B2D326CE-9AE2-40E3-B891-1281385B3CD7}.Debug|iPhone.ActiveCfg = Debug|iPhone
		{B2D326CE-9AE2-40E3-B891-1281385B3CD7}.Debug|iPhone.Build.0 = Debug|iPhone
		{B2D326CE-9AE2-40E3-B891-1281385B3CD7}.Debug|iPhone.Deploy.0 = Debug|iPhone
		{B2D326CE-9AE2-40E3-B891-1281385B3CD7}.Debug|iPhoneSimulator.ActiveCfg = Debug|iPhoneSimulator
		{B2D326CE-9AE2-40E3-B891-1281385B3CD7}.Debug|iPhoneSimulator.Build.0 = Debug|iPhoneSimulator
		{B2D326CE-9AE2-40E3-B891-1281385B3CD7}.Debug|iPhoneSimulator.Deploy.0 = Debug|iPhoneSimulator
		{B2D326CE-9AE2-40E3-B891-1281385B3CD7}.Debug|x64.ActiveCfg = Debug|iPhone
		{B2D326CE-9AE2-40E3-B891-1281385B3CD7}.Debug|x86.ActiveCfg = Debug|iPhone
		{B2D326CE-9AE2-40E3-B891-1281385B3CD7}.Release|Any CPU.ActiveCfg = Release|iPhone
		{B2D326CE-9AE2-40E3-B891-1281385B3CD7}.Release|Any CPU.Build.0 = Release|iPhone
		{B2D326CE-9AE2-40E3-B891-1281385B3CD7}.Release|Any CPU.Deploy.0 = Release|iPhone
		{B2D326CE-9AE2-40E3-B891-1281385B3CD7}.Release|ARM.ActiveCfg = Release|iPhoneSimulator
		{B2D326CE-9AE2-40E3-B891-1281385B3CD7}.Release|ARM64.ActiveCfg = Release|iPhoneSimulator
		{B2D326CE-9AE2-40E3-B891-1281385B3CD7}.Release|iPhone.ActiveCfg = Release|iPhone
		{B2D326CE-9AE2-40E3-B891-1281385B3CD7}.Release|iPhone.Build.0 = Release|iPhone
		{B2D326CE-9AE2-40E3-B891-1281385B3CD7}.Release|iPhone.Deploy.0 = Release|iPhone
		{B2D326CE-9AE2-40E3-B891-1281385B3CD7}.Release|iPhoneSimulator.ActiveCfg = Release|iPhoneSimulator
		{B2D326CE-9AE2-40E3-B891-1281385B3CD7}.Release|iPhoneSimulator.Build.0 = Release|iPhoneSimulator
		{B2D326CE-9AE2-40E3-B891-1281385B3CD7}.Release|iPhoneSimulator.Deploy.0 = Release|iPhoneSimulator
		{B2D326CE-9AE2-40E3-B891-1281385B3CD7}.Release|x64.ActiveCfg = Release|iPhoneSimulator
		{B2D326CE-9AE2-40E3-B891-1281385B3CD7}.Release|x86.ActiveCfg = Release|iPhoneSimulator
		{E1FCE674-2E21-453D-9542-8E2695DCC52F}.Debug|Any CPU.ActiveCfg = Debug|Any CPU
		{E1FCE674-2E21-453D-9542-8E2695DCC52F}.Debug|Any CPU.Build.0 = Debug|Any CPU
		{E1FCE674-2E21-453D-9542-8E2695DCC52F}.Debug|Any CPU.Deploy.0 = Debug|Any CPU
		{E1FCE674-2E21-453D-9542-8E2695DCC52F}.Debug|ARM.ActiveCfg = Debug|Any CPU
		{E1FCE674-2E21-453D-9542-8E2695DCC52F}.Debug|ARM.Build.0 = Debug|Any CPU
		{E1FCE674-2E21-453D-9542-8E2695DCC52F}.Debug|ARM64.ActiveCfg = Debug|Any CPU
		{E1FCE674-2E21-453D-9542-8E2695DCC52F}.Debug|ARM64.Build.0 = Debug|Any CPU
		{E1FCE674-2E21-453D-9542-8E2695DCC52F}.Debug|iPhone.ActiveCfg = Debug|Any CPU
		{E1FCE674-2E21-453D-9542-8E2695DCC52F}.Debug|iPhone.Build.0 = Debug|Any CPU
		{E1FCE674-2E21-453D-9542-8E2695DCC52F}.Debug|iPhone.Deploy.0 = Debug|Any CPU
		{E1FCE674-2E21-453D-9542-8E2695DCC52F}.Debug|iPhoneSimulator.ActiveCfg = Debug|Any CPU
		{E1FCE674-2E21-453D-9542-8E2695DCC52F}.Debug|iPhoneSimulator.Build.0 = Debug|Any CPU
		{E1FCE674-2E21-453D-9542-8E2695DCC52F}.Debug|iPhoneSimulator.Deploy.0 = Debug|Any CPU
		{E1FCE674-2E21-453D-9542-8E2695DCC52F}.Debug|x64.ActiveCfg = Debug|Any CPU
		{E1FCE674-2E21-453D-9542-8E2695DCC52F}.Debug|x64.Build.0 = Debug|Any CPU
		{E1FCE674-2E21-453D-9542-8E2695DCC52F}.Debug|x86.ActiveCfg = Debug|Any CPU
		{E1FCE674-2E21-453D-9542-8E2695DCC52F}.Debug|x86.Build.0 = Debug|Any CPU
		{E1FCE674-2E21-453D-9542-8E2695DCC52F}.Release|Any CPU.ActiveCfg = Release|Any CPU
		{E1FCE674-2E21-453D-9542-8E2695DCC52F}.Release|Any CPU.Build.0 = Release|Any CPU
		{E1FCE674-2E21-453D-9542-8E2695DCC52F}.Release|Any CPU.Deploy.0 = Release|Any CPU
		{E1FCE674-2E21-453D-9542-8E2695DCC52F}.Release|ARM.ActiveCfg = Release|Any CPU
		{E1FCE674-2E21-453D-9542-8E2695DCC52F}.Release|ARM.Build.0 = Release|Any CPU
		{E1FCE674-2E21-453D-9542-8E2695DCC52F}.Release|ARM64.ActiveCfg = Release|Any CPU
		{E1FCE674-2E21-453D-9542-8E2695DCC52F}.Release|ARM64.Build.0 = Release|Any CPU
		{E1FCE674-2E21-453D-9542-8E2695DCC52F}.Release|iPhone.ActiveCfg = Release|Any CPU
		{E1FCE674-2E21-453D-9542-8E2695DCC52F}.Release|iPhone.Build.0 = Release|Any CPU
		{E1FCE674-2E21-453D-9542-8E2695DCC52F}.Release|iPhone.Deploy.0 = Release|Any CPU
		{E1FCE674-2E21-453D-9542-8E2695DCC52F}.Release|iPhoneSimulator.ActiveCfg = Release|Any CPU
		{E1FCE674-2E21-453D-9542-8E2695DCC52F}.Release|iPhoneSimulator.Build.0 = Release|Any CPU
		{E1FCE674-2E21-453D-9542-8E2695DCC52F}.Release|iPhoneSimulator.Deploy.0 = Release|Any CPU
		{E1FCE674-2E21-453D-9542-8E2695DCC52F}.Release|x64.ActiveCfg = Release|Any CPU
		{E1FCE674-2E21-453D-9542-8E2695DCC52F}.Release|x64.Build.0 = Release|Any CPU
		{E1FCE674-2E21-453D-9542-8E2695DCC52F}.Release|x86.ActiveCfg = Release|Any CPU
		{E1FCE674-2E21-453D-9542-8E2695DCC52F}.Release|x86.Build.0 = Release|Any CPU
		{56569968-CC2E-4583-96D1-F6EEAC603CE0}.Debug|Any CPU.ActiveCfg = Debug|x86
		{56569968-CC2E-4583-96D1-F6EEAC603CE0}.Debug|Any CPU.Build.0 = Debug|x86
		{56569968-CC2E-4583-96D1-F6EEAC603CE0}.Debug|Any CPU.Deploy.0 = Debug|x86
		{56569968-CC2E-4583-96D1-F6EEAC603CE0}.Debug|ARM.ActiveCfg = Debug|ARM
		{56569968-CC2E-4583-96D1-F6EEAC603CE0}.Debug|ARM.Build.0 = Debug|ARM
		{56569968-CC2E-4583-96D1-F6EEAC603CE0}.Debug|ARM.Deploy.0 = Debug|ARM
		{56569968-CC2E-4583-96D1-F6EEAC603CE0}.Debug|ARM64.ActiveCfg = Debug|ARM64
		{56569968-CC2E-4583-96D1-F6EEAC603CE0}.Debug|ARM64.Build.0 = Debug|ARM64
		{56569968-CC2E-4583-96D1-F6EEAC603CE0}.Debug|ARM64.Deploy.0 = Debug|ARM64
		{56569968-CC2E-4583-96D1-F6EEAC603CE0}.Debug|iPhone.ActiveCfg = Debug|x86
		{56569968-CC2E-4583-96D1-F6EEAC603CE0}.Debug|iPhoneSimulator.ActiveCfg = Debug|x86
		{56569968-CC2E-4583-96D1-F6EEAC603CE0}.Debug|x64.ActiveCfg = Debug|x64
		{56569968-CC2E-4583-96D1-F6EEAC603CE0}.Debug|x64.Build.0 = Debug|x64
		{56569968-CC2E-4583-96D1-F6EEAC603CE0}.Debug|x64.Deploy.0 = Debug|x64
		{56569968-CC2E-4583-96D1-F6EEAC603CE0}.Debug|x86.ActiveCfg = Debug|x86
		{56569968-CC2E-4583-96D1-F6EEAC603CE0}.Debug|x86.Build.0 = Debug|x86
		{56569968-CC2E-4583-96D1-F6EEAC603CE0}.Debug|x86.Deploy.0 = Debug|x86
		{56569968-CC2E-4583-96D1-F6EEAC603CE0}.Release|Any CPU.ActiveCfg = Release|x86
		{56569968-CC2E-4583-96D1-F6EEAC603CE0}.Release|ARM.ActiveCfg = Release|ARM
		{56569968-CC2E-4583-96D1-F6EEAC603CE0}.Release|ARM.Build.0 = Release|ARM
		{56569968-CC2E-4583-96D1-F6EEAC603CE0}.Release|ARM.Deploy.0 = Release|ARM
		{56569968-CC2E-4583-96D1-F6EEAC603CE0}.Release|ARM64.ActiveCfg = Release|ARM64
		{56569968-CC2E-4583-96D1-F6EEAC603CE0}.Release|ARM64.Build.0 = Release|ARM64
		{56569968-CC2E-4583-96D1-F6EEAC603CE0}.Release|ARM64.Deploy.0 = Release|ARM64
		{56569968-CC2E-4583-96D1-F6EEAC603CE0}.Release|iPhone.ActiveCfg = Release|x86
		{56569968-CC2E-4583-96D1-F6EEAC603CE0}.Release|iPhoneSimulator.ActiveCfg = Release|x86
		{56569968-CC2E-4583-96D1-F6EEAC603CE0}.Release|x64.ActiveCfg = Release|x64
		{56569968-CC2E-4583-96D1-F6EEAC603CE0}.Release|x64.Build.0 = Release|x64
		{56569968-CC2E-4583-96D1-F6EEAC603CE0}.Release|x64.Deploy.0 = Release|x64
		{56569968-CC2E-4583-96D1-F6EEAC603CE0}.Release|x86.ActiveCfg = Release|x86
		{56569968-CC2E-4583-96D1-F6EEAC603CE0}.Release|x86.Build.0 = Release|x86
		{56569968-CC2E-4583-96D1-F6EEAC603CE0}.Release|x86.Deploy.0 = Release|x86
	EndGlobalSection
	GlobalSection(SolutionProperties) = preSolution
		HideSolutionNode = FALSE
	EndGlobalSection
	GlobalSection(ExtensibilityGlobals) = postSolution
		SolutionGuid = {07601BDC-13D0-4588-AA09-774AD3D36FB3}
	EndGlobalSection
EndGlobal
